
Microsoft Visual Studio Solution File, Format Version 11.00
# Visual Studio 2010
Project("{FAE04EC0-301F-11D3-BF4B-00C04F79EFBC}") = "InstantBuySample", "InstantBuySample\InstantBuySample.csproj", "{B4A79CE1-1568-4F9F-A52F-5791B54D6CA8}"
EndProject
Project("{FAE04EC0-301F-11D3-BF4B-00C04F79EFBC}") = "JWT", "JWT\JWT.csproj", "{A80B51B8-DDF6-4026-98A4-B59653E50B38}"
EndProject
Project("{FAE04EC0-301F-11D3-BF4B-00C04F79EFBC}") = "InstantBuyLibrary", "InstantBuyLib\InstantBuyLibrary.csproj", "{C01290D0-D738-4AF7-BB61-8D99570A4A48}"
EndProject
Global
	GlobalSection(SolutionConfigurationPlatforms) = preSolution
		Debug|Any CPU = Debug|Any CPU
		Release|Any CPU = Release|Any CPU
	EndGlobalSection
	GlobalSection(ProjectConfigurationPlatforms) = postSolution
		{A80B51B8-DDF6-4026-98A4-B59653E50B38}.Debug|Any CPU.ActiveCfg = Debug|Any CPU
		{A80B51B8-DDF6-4026-98A4-B59653E50B38}.Debug|Any CPU.Build.0 = Debug|Any CPU
		{A80B51B8-DDF6-4026-98A4-B59653E50B38}.Release|Any CPU.ActiveCfg = Release|Any CPU
		{A80B51B8-DDF6-4026-98A4-B59653E50B38}.Release|Any CPU.Build.0 = Release|Any CPU
		{B4A79CE1-1568-4F9F-A52F-5791B54D6CA8}.Debug|Any CPU.ActiveCfg = Debug|Any CPU
		{B4A79CE1-1568-4F9F-A52F-5791B54D6CA8}.Debug|Any CPU.Build.0 = Debug|Any CPU
		{B4A79CE1-1568-4F9F-A52F-5791B54D6CA8}.Release|Any CPU.ActiveCfg = Release|Any CPU
		{B4A79CE1-1568-4F9F-A52F-5791B54D6CA8}.Release|Any CPU.Build.0 = Release|Any CPU
		{C01290D0-D738-4AF7-BB61-8D99570A4A48}.Debug|Any CPU.ActiveCfg = Debug|Any CPU
		{C01290D0-D738-4AF7-BB61-8D99570A4A48}.Debug|Any CPU.Build.0 = Debug|Any CPU
		{C01290D0-D738-4AF7-BB61-8D99570A4A48}.Release|Any CPU.ActiveCfg = Release|Any CPU
		{C01290D0-D738-4AF7-BB61-8D99570A4A48}.Release|Any CPU.Build.0 = Release|Any CPU
	EndGlobalSection
	GlobalSection(MonoDevelopProperties) = preSolution
		StartupItem = InstantBuySample\InstantBuySample.csproj
		Policies = $0
		$0.TextStylePolicy = $1
		$1.FileWidth = 120
		$1.TabWidth = 2
		$1.IndentWidth = 2
		$1.inheritsSet = VisualStudio
		$1.inheritsScope = text/plain
		$1.scope = text/x-csharp
		$0.CSharpFormattingPolicy = $2
		$2.AfterDelegateDeclarationParameterComma = True
		$2.inheritsSet = Mono
		$2.inheritsScope = text/x-csharp
		$2.scope = text/x-csharp
	EndGlobalSection
EndGlobal
